// !$*UTF8*$!
{
	archiveVersion = 1;
	classes = {
	};
	objectVersion = 46;
	objects = {

/* Begin PBXBuildFile section */
		1389B91B1E5998BB00B7B21A /* AppDelegate.swift in Sources */ = {isa = PBXBuildFile; fileRef = 1389B91A1E5998BB00B7B21A /* AppDelegate.swift */; };
		1389B91D1E5998BB00B7B21A /* MainViewController.swift in Sources */ = {isa = PBXBuildFile; fileRef = 1389B91C1E5998BB00B7B21A /* MainViewController.swift */; };
		1389B9201E5998BB00B7B21A /* Main.storyboard in Resources */ = {isa = PBXBuildFile; fileRef = 1389B91E1E5998BB00B7B21A /* Main.storyboard */; };
		1389B9221E5998BB00B7B21A /* Assets.xcassets in Resources */ = {isa = PBXBuildFile; fileRef = 1389B9211E5998BB00B7B21A /* Assets.xcassets */; };
		1389B9251E5998BB00B7B21A /* LaunchScreen.storyboard in Resources */ = {isa = PBXBuildFile; fileRef = 1389B9231E5998BB00B7B21A /* LaunchScreen.storyboard */; };
		13DCEB7E1E599BB300222019 /* DrawerViewController.swift in Sources */ = {isa = PBXBuildFile; fileRef = 13DCEB7D1E599BB300222019 /* DrawerViewController.swift */; };
		13DCEB801E599BE000222019 /* BaseViewController.swift in Sources */ = {isa = PBXBuildFile; fileRef = 13DCEB7F1E599BE000222019 /* BaseViewController.swift */; };
		D9FF97908FB2B7571633F56D /* Pods_CafeMockup.framework in Frameworks */ = {isa = PBXBuildFile; fileRef = C06DFDD77623B416750B860F /* Pods_CafeMockup.framework */; };
/* End PBXBuildFile section */

/* Begin PBXFileReference section */
		1389B9171E5998BB00B7B21A /* CafeMockup.app */ = {isa = PBXFileReference; explicitFileType = wrapper.application; includeInIndex = 0; path = CafeMockup.app; sourceTree = BUILT_PRODUCTS_DIR; };
		1389B91A1E5998BB00B7B21A /* AppDelegate.swift */ = {isa = PBXFileReference; lastKnownFileType = sourcecode.swift; path = AppDelegate.swift; sourceTree = "<group>"; };
		1389B91C1E5998BB00B7B21A /* MainViewController.swift */ = {isa = PBXFileReference; lastKnownFileType = sourcecode.swift; path = MainViewController.swift; sourceTree = "<group>"; };
		1389B91F1E5998BB00B7B21A /* Base */ = {isa = PBXFileReference; lastKnownFileType = file.storyboard; name = Base; path = Base.lproj/Main.storyboard; sourceTree = "<group>"; };
		1389B9211E5998BB00B7B21A /* Assets.xcassets */ = {isa = PBXFileReference; lastKnownFileType = folder.assetcatalog; path = Assets.xcassets; sourceTree = "<group>"; };
		1389B9241E5998BB00B7B21A /* Base */ = {isa = PBXFileReference; lastKnownFileType = file.storyboard; name = Base; path = Base.lproj/LaunchScreen.storyboard; sourceTree = "<group>"; };
		1389B9261E5998BB00B7B21A /* Info.plist */ = {isa = PBXFileReference; lastKnownFileType = text.plist.xml; path = Info.plist; sourceTree = "<group>"; };
		13DCEB7D1E599BB300222019 /* DrawerViewController.swift */ = {isa = PBXFileReference; fileEncoding = 4; lastKnownFileType = sourcecode.swift; path = DrawerViewController.swift; sourceTree = "<group>"; };
		13DCEB7F1E599BE000222019 /* BaseViewController.swift */ = {isa = PBXFileReference; fileEncoding = 4; lastKnownFileType = sourcecode.swift; path = BaseViewController.swift; sourceTree = "<group>"; };
		8A3AB0F27F6F0819C47428B2 /* Pods-CafeMockup.debug.xcconfig */ = {isa = PBXFileReference; includeInIndex = 1; lastKnownFileType = text.xcconfig; name = "Pods-CafeMockup.debug.xcconfig"; path = "Pods/Target Support Files/Pods-CafeMockup/Pods-CafeMockup.debug.xcconfig"; sourceTree = "<group>"; };
		C06DFDD77623B416750B860F /* Pods_CafeMockup.framework */ = {isa = PBXFileReference; explicitFileType = wrapper.framework; includeInIndex = 0; path = Pods_CafeMockup.framework; sourceTree = BUILT_PRODUCTS_DIR; };
		C40ED22ADCFAACF379C5055F /* Pods-CafeMockup.release.xcconfig */ = {isa = PBXFileReference; includeInIndex = 1; lastKnownFileType = text.xcconfig; name = "Pods-CafeMockup.release.xcconfig"; path = "Pods/Target Support Files/Pods-CafeMockup/Pods-CafeMockup.release.xcconfig"; sourceTree = "<group>"; };
/* End PBXFileReference section */

/* Begin PBXFrameworksBuildPhase section */
		1389B9141E5998BA00B7B21A /* Frameworks */ = {
			isa = PBXFrameworksBuildPhase;
			buildActionMask = 2147483647;
			files = (
				D9FF97908FB2B7571633F56D /* Pods_CafeMockup.framework in Frameworks */,
			);
			runOnlyForDeploymentPostprocessing = 0;
		};
/* End PBXFrameworksBuildPhase section */

/* Begin PBXGroup section */
		1389B90E1E5998BA00B7B21A = {
			isa = PBXGroup;
			children = (
				1389B9191E5998BB00B7B21A /* CafeMockup */,
				1389B9181E5998BB00B7B21A /* Products */,
				EF9FF47AB77B5115C92906AD /* Pods */,
				C4164D59D7304675244A4939 /* Frameworks */,
			);
			sourceTree = "<group>";
		};
		1389B9181E5998BB00B7B21A /* Products */ = {
			isa = PBXGroup;
			children = (
				1389B9171E5998BB00B7B21A /* CafeMockup.app */,
			);
			name = Products;
			sourceTree = "<group>";
		};
		1389B9191E5998BB00B7B21A /* CafeMockup */ = {
			isa = PBXGroup;
			children = (
				1389B91A1E5998BB00B7B21A /* AppDelegate.swift */,
				13DCEB791E599A7A00222019 /* controllers */,
				13DCEB7A1E599A7A00222019 /* resources */,
				13DCEB7C1E599A7A00222019 /* services */,
				1389B91E1E5998BB00B7B21A /* Main.storyboard */,
				1389B9211E5998BB00B7B21A /* Assets.xcassets */,
				1389B9231E5998BB00B7B21A /* LaunchScreen.storyboard */,
				1389B9261E5998BB00B7B21A /* Info.plist */,
			);
			path = CafeMockup;
			sourceTree = "<group>";
		};
		13DCEB791E599A7A00222019 /* controllers */ = {
			isa = PBXGroup;
			children = (
				1389B91C1E5998BB00B7B21A /* MainViewController.swift */,
				13DCEB7D1E599BB300222019 /* DrawerViewController.swift */,
				13DCEB7F1E599BE000222019 /* BaseViewController.swift */,
			);
			path = controllers;
			sourceTree = "<group>";
		};
		13DCEB7A1E599A7A00222019 /* resources */ = {
			isa = PBXGroup;
			children = (
				13DCEB7B1E599A7A00222019 /* images */,
			);
			path = resources;
			sourceTree = "<group>";
		};
		13DCEB7B1E599A7A00222019 /* images */ = {
			isa = PBXGroup;
			children = (
			);
			path = images;
			sourceTree = "<group>";
		};
		13DCEB7C1E599A7A00222019 /* services */ = {
			isa = PBXGroup;
			children = (
			);
			path = services;
			sourceTree = "<group>";
		};
		C4164D59D7304675244A4939 /* Frameworks */ = {
			isa = PBXGroup;
			children = (
				C06DFDD77623B416750B860F /* Pods_CafeMockup.framework */,
			);
			name = Frameworks;
			sourceTree = "<group>";
		};
		EF9FF47AB77B5115C92906AD /* Pods */ = {
			isa = PBXGroup;
			children = (
				8A3AB0F27F6F0819C47428B2 /* Pods-CafeMockup.debug.xcconfig */,
				C40ED22ADCFAACF379C5055F /* Pods-CafeMockup.release.xcconfig */,
			);
			name = Pods;
			sourceTree = "<group>";
		};
/* End PBXGroup section */

/* Begin PBXNativeTarget section */
		1389B9161E5998BA00B7B21A /* CafeMockup */ = {
			isa = PBXNativeTarget;
			buildConfigurationList = 1389B9291E5998BB00B7B21A /* Build configuration list for PBXNativeTarget "CafeMockup" */;
			buildPhases = (
				68FA2B521EDC2CE425EBB6F1 /* [CP] Check Pods Manifest.lock */,
				1389B9131E5998BA00B7B21A /* Sources */,
				1389B9141E5998BA00B7B21A /* Frameworks */,
				1389B9151E5998BA00B7B21A /* Resources */,
				C79097A7C37E91133586821F /* [CP] Embed Pods Frameworks */,
				2A215E56C34823E45199C36E /* [CP] Copy Pods Resources */,
			);
			buildRules = (
			);
			dependencies = (
			);
			name = CafeMockup;
			productName = CafeMockup;
			productReference = 1389B9171E5998BB00B7B21A /* CafeMockup.app */;
			productType = "com.apple.product-type.application";
		};
/* End PBXNativeTarget section */

/* Begin PBXProject section */
		1389B90F1E5998BA00B7B21A /* Project object */ = {
			isa = PBXProject;
			attributes = {
				LastSwiftUpdateCheck = 0820;
				LastUpgradeCheck = 0820;
				ORGANIZATIONNAME = Cybecor;
				TargetAttributes = {
					1389B9161E5998BA00B7B21A = {
						CreatedOnToolsVersion = 8.2.1;
						DevelopmentTeam = ECAUWYD9Y5;
						ProvisioningStyle = Automatic;
					};
				};
			};
			buildConfigurationList = 1389B9121E5998BA00B7B21A /* Build configuration list for PBXProject "CafeMockup" */;
			compatibilityVersion = "Xcode 3.2";
			developmentRegion = English;
			hasScannedForEncodings = 0;
			knownRegions = (
				en,
				Base,
			);
			mainGroup = 1389B90E1E5998BA00B7B21A;
			productRefGroup = 1389B9181E5998BB00B7B21A /* Products */;
			projectDirPath = "";
			projectRoot = "";
			targets = (
				1389B9161E5998BA00B7B21A /* CafeMockup */,
			);
		};
/* End PBXProject section */

/* Begin PBXResourcesBuildPhase section */
		1389B9151E5998BA00B7B21A /* Resources */ = {
			isa = PBXResourcesBuildPhase;
			buildActionMask = 2147483647;
			files = (
				1389B9251E5998BB00B7B21A /* LaunchScreen.storyboard in Resources */,
				1389B9221E5998BB00B7B21A /* Assets.xcassets in Resources */,
				1389B9201E5998BB00B7B21A /* Main.storyboard in Resources */,
			);
			runOnlyForDeploymentPostprocessing = 0;
		};
/* End PBXResourcesBuildPhase section */

/* Begin PBXShellScriptBuildPhase section */
		2A215E56C34823E45199C36E /* [CP] Copy Pods Resources */ = {
			isa = PBXShellScriptBuildPhase;
			buildActionMask = 2147483647;
			files = (
			);
			inputPaths = (
			);
			name = "[CP] Copy Pods Resources";
			outputPaths = (
			);
			runOnlyForDeploymentPostprocessing = 0;
			shellPath = /bin/sh;
			shellScript = "\"${SRCROOT}/Pods/Target Support Files/Pods-CafeMockup/Pods-CafeMockup-resources.sh\"\n";
			showEnvVarsInLog = 0;
		};
		68FA2B521EDC2CE425EBB6F1 /* [CP] Check Pods Manifest.lock */ = {
			isa = PBXShellScriptBuildPhase;
			buildActionMask = 2147483647;
			files = (
			);
			inputPaths = (
			);
			name = "[CP] Check Pods Manifest.lock";
			outputPaths = (
			);
			runOnlyForDeploymentPostprocessing = 0;
			shellPath = /bin/sh;
			shellScript = "diff \"${PODS_ROOT}/../Podfile.lock\" \"${PODS_ROOT}/Manifest.lock\" > /dev/null\nif [ $? != 0 ] ; then\n    # print error to STDERR\n    echo \"error: The sandbox is not in sync with the Podfile.lock. Run 'pod install' or update your CocoaPods installation.\" >&2\n    exit 1\nfi\n";
			showEnvVarsInLog = 0;
		};
		C79097A7C37E91133586821F /* [CP] Embed Pods Frameworks */ = {
			isa = PBXShellScriptBuildPhase;
			buildActionMask = 2147483647;
			files = (
			);
			inputPaths = (
			);
			name = "[CP] Embed Pods Frameworks";
			outputPaths = (
			);
			runOnlyForDeploymentPostprocessing = 0;
			shellPath = /bin/sh;
			shellScript = "\"${SRCROOT}/Pods/Target Support Files/Pods-CafeMockup/Pods-CafeMockup-frameworks.sh\"\n";
			showEnvVarsInLog = 0;
		};
/* End PBXShellScriptBuildPhase section */

/* Begin PBXSourcesBuildPhase section */
		1389B9131E5998BA00B7B21A /* Sources */ = {
			isa = PBXSourcesBuildPhase;
			buildActionMask = 2147483647;
			files = (
				1389B91D1E5998BB00B7B21A /* MainViewController.swift in Sources */,
				13DCEB801E599BE000222019 /* BaseViewController.swift in Sources */,
				1389B91B1E5998BB00B7B21A /* AppDelegate.swift in Sources */,
				13DCEB7E1E599BB300222019 /* DrawerViewController.swift in Sources */,
			);
			runOnlyForDeploymentPostprocessing = 0;
		};
/* End PBXSourcesBuildPhase section */

/* Begin PBXVariantGroup section */
		1389B91E1E5998BB00B7B21A /* Main.storyboard */ = {
			isa = PBXVariantGroup;
			children = (
				1389B91F1E5998BB00B7B21A /* Base */,
			);
			name = Main.storyboard;
			sourceTree = "<group>";
		};
		1389B9231E5998BB00B7B21A /* LaunchScreen.storyboard */ = {
			isa = PBXVariantGroup;
			children = (
				1389B9241E5998BB00B7B21A /* Base */,
			);
			name = LaunchScreen.storyboard;
			sourceTree = "<group>";
		};
/* End PBXVariantGroup section */

/* Begin XCBuildConfiguration section */
		1389B9271E5998BB00B7B21A /* Debug */ = {
			isa = XCBuildConfiguration;
			buildSettings = {
				ALWAYS_SEARCH_USER_PATHS = NO;
				CLANG_ANALYZER_NONNULL = YES;
				CLANG_CXX_LANGUAGE_STANDARD = "gnu++0x";
				CLANG_CXX_LIBRARY = "libc++";
				CLANG_ENABLE_MODULES = YES;
				CLANG_ENABLE_OBJC_ARC = YES;
				CLANG_WARN_BOOL_CONVERSION = YES;
				CLANG_WARN_CONSTANT_CONVERSION = YES;
				CLANG_WARN_DIRECT_OBJC_ISA_USAGE = YES_ERROR;
				CLANG_WARN_DOCUMENTATION_COMMENTS = YES;
				CLANG_WARN_EMPTY_BODY = YES;
				CLANG_WARN_ENUM_CONVERSION = YES;
				CLANG_WARN_INFINITE_RECURSION = YES;
				CLANG_WARN_INT_CONVERSION = YES;
				CLANG_WARN_OBJC_ROOT_CLASS = YES_ERROR;
				CLANG_WARN_SUSPICIOUS_MOVE = YES;
				CLANG_WARN_UNREACHABLE_CODE = YES;
				CLANG_WARN__DUPLICATE_METHOD_MATCH = YES;
				"CODE_SIGN_IDENTITY[sdk=iphoneos*]" = "iPhone Developer";
				COPY_PHASE_STRIP = NO;
				DEBUG_INFORMATION_FORMAT = dwarf;
				ENABLE_STRICT_OBJC_MSGSEND = YES;
				ENABLE_TESTABILITY = YES;
				GCC_C_LANGUAGE_STANDARD = gnu99;
				GCC_DYNAMIC_NO_PIC = NO;
				GCC_NO_COMMON_BLOCKS = YES;
				GCC_OPTIMIZATION_LEVEL = 0;
				GCC_PREPROCESSOR_DEFINITIONS = (
					"DEBUG=1",
					"$(inherited)",
				);
				GCC_WARN_64_TO_32_BIT_CONVERSION = YES;
				GCC_WARN_ABOUT_RETURN_TYPE = YES_ERROR;
				GCC_WARN_UNDECLARED_SELECTOR = YES;
				GCC_WARN_UNINITIALIZED_AUTOS = YES_AGGRESSIVE;
				GCC_WARN_UNUSED_FUNCTION = YES;
				GCC_WARN_UNUSED_VARIABLE = YES;
				IPHONEOS_DEPLOYMENT_TARGET = 10.2;
				MTL_ENABLE_DEBUG_INFO = YES;
				ONLY_ACTIVE_ARCH = YES;
				SDKROOT = iphoneos;
				SWIFT_ACTIVE_COMPILATION_CONDITIONS = DEBUG;
				SWIFT_OPTIMIZATION_LEVEL = "-Onone";
			};
			name = Debug;
		};
		1389B9281E5998BB00B7B21A /* Release */ = {
			isa = XCBuildConfiguration;
			buildSettings = {
				ALWAYS_SEARCH_USER_PATHS = NO;
				CLANG_ANALYZER_NONNULL = YES;
				CLANG_CXX_LANGUAGE_STANDARD = "gnu++0x";
				CLANG_CXX_LIBRARY = "libc++";
				CLANG_ENABLE_MODULES = YES;
				CLANG_ENABLE_OBJC_ARC = YES;
				CLANG_WARN_BOOL_CONVERSION = YES;
				CLANG_WARN_CONSTANT_CONVERSION = YES;
				CLANG_WARN_DIRECT_OBJC_ISA_USAGE = YES_ERROR;
				CLANG_WARN_DOCUMENTATION_COMMENTS = YES;
				CLANG_WARN_EMPTY_BODY = YES;
				CLANG_WARN_ENUM_CONVERSION = YES;
				CLANG_WARN_INFINITE_RECURSION = YES;
				CLANG_WARN_INT_CONVERSION = YES;
				CLANG_WARN_OBJC_ROOT_CLASS = YES_ERROR;
				CLANG_WARN_SUSPICIOUS_MOVE = YES;
				CLANG_WARN_UNREACHABLE_CODE = YES;
				CLANG_WARN__DUPLICATE_METHOD_MATCH = YES;
				"CODE_SIGN_IDENTITY[sdk=iphoneos*]" = "iPhone Developer";
				COPY_PHASE_STRIP = NO;
				DEBUG_INFORMATION_FORMAT = "dwarf-with-dsym";
				ENABLE_NS_ASSERTIONS = NO;
				ENABLE_STRICT_OBJC_MSGSEND = YES;
				GCC_C_LANGUAGE_STANDARD = gnu99;
				GCC_NO_COMMON_BLOCKS = YES;
				GCC_WARN_64_TO_32_BIT_CONVERSION = YES;
				GCC_WARN_ABOUT_RETURN_TYPE = YES_ERROR;
				GCC_WARN_UNDECLARED_SELECTOR = YES;
				GCC_WARN_UNINITIALIZED_AUTOS = YES_AGGRESSIVE;
				GCC_WARN_UNUSED_FUNCTION = YES;
				GCC_WARN_UNUSED_VARIABLE = YES;
				IPHONEOS_DEPLOYMENT_TARGET = 10.2;
				MTL_ENABLE_DEBUG_INFO = NO;
				SDKROOT = iphoneos;
				SWIFT_OPTIMIZATION_LEVEL = "-Owholemodule";
				VALIDATE_PRODUCT = YES;
			};
			name = Release;
		};
		1389B92A1E5998BB00B7B21A /* Debug */ = {
			isa = XCBuildConfiguration;
			baseConfigurationReference = 8A3AB0F27F6F0819C47428B2 /* Pods-CafeMockup.debug.xcconfig */;
			buildSettings = {
				ASSETCATALOG_COMPILER_APPICON_NAME = AppIcon;
				DEVELOPMENT_TEAM = ECAUWYD9Y5;
				INFOPLIST_FILE = CafeMockup/Info.plist;
				LD_RUNPATH_SEARCH_PATHS = "$(inherited) @executable_path/Frameworks";
				PRODUCT_BUNDLE_IDENTIFIER = com.cybecor.ios.swift.mockup.CafeMockup;
				PRODUCT_NAME = "$(TARGET_NAME)";
				SWIFT_VERSION = 3.0;
			};
			name = Debug;
		};
		1389B92B1E5998BB00B7B21A /* Release */ = {
			isa = XCBuildConfiguration;
			baseConfigurationReference = C40ED22ADCFAACF379C5055F /* Pods-CafeMockup.release.xcconfig */;
			buildSettings = {
				ASSETCATALOG_COMPILER_APPICON_NAME = AppIcon;
				DEVELOPMENT_TEAM = ECAUWYD9Y5;
				INFOPLIST_FILE = CafeMockup/Info.plist;
				LD_RUNPATH_SEARCH_PATHS = "$(inherited) @executable_path/Frameworks";
				PRODUCT_BUNDLE_IDENTIFIER = com.cybecor.ios.swift.mockup.CafeMockup;
				PRODUCT_NAME = "$(TARGET_NAME)";
				SWIFT_VERSION = 3.0;
			};
			name = Release;
		};
/* End XCBuildConfiguration section */

/* Begin XCConfigurationList section */
		1389B9121E5998BA00B7B21A /* Build configuration list for PBXProject "CafeMockup" */ = {
			isa = XCConfigurationList;
			buildConfigurations = (
				1389B9271E5998BB00B7B21A /* Debug */,
				1389B9281E5998BB00B7B21A /* Release */,
			);
			defaultConfigurationIsVisible = 0;
			defaultConfigurationName = Release;
		};
		1389B9291E5998BB00B7B21A /* Build configuration list for PBXNativeTarget "CafeMockup" */ = {
			isa = XCConfigurationList;
			buildConfigurations = (
				1389B92A1E5998BB00B7B21A /* Debug */,
				1389B92B1E5998BB00B7B21A /* Release */,
			);
			defaultConfigurationIsVisible = 0;
			defaultConfigurationName = Release;
		};
/* End XCConfigurationList section */
	};
	rootObject = 1389B90F1E5998BA00B7B21A /* Project object */;
}
